Microsoft Visual Studio Solution File, Format Version 12.00
# Visual Studio Version 17
VisualStudioVersion = 17.5.2.0
MinimumVisualStudioVersion = 10.0.40219.1
Project("{2150E333-8FDC-42A3-9474-1A3956D46DE8}") = "default", "default", "{EC27CD15-B26C-A585-232E-BCFF72FF9EDD}"
EndProject
Project("{2150E333-8FDC-42A3-9474-1A3956D46DE8}") = "projects", "projects", "{B3AC3E95-8917-7635-FBF9-61B59BC5D373}"
EndProject
Project("{FAE04EC0-301F-11D3-BF4B-00C04F79EFBC}") = "hello-world", "default\projects\hello-world\hello-world.csproj", "{7C20F302-BEA8-2646-314E-2F05D6D98AD6}"
EndProject
Global
	GlobalSection(SolutionConfigurationPlatforms) = preSolution
		Debug|Any CPU = Debug|Any CPU
		Release|Any CPU = Release|Any CPU
	EndGlobalSection
	GlobalSection(ProjectConfigurationPlatforms) = postSolution
		{7C20F302-BEA8-2646-314E-2F05D6D98AD6}.Debug|Any CPU.ActiveCfg = Debug|Any CPU
		{7C20F302-BEA8-2646-314E-2F05D6D98AD6}.Debug|Any CPU.Build.0 = Debug|Any CPU
		{7C20F302-BEA8-2646-314E-2F05D6D98AD6}.Release|Any CPU.ActiveCfg = Release|Any CPU
		{7C20F302-BEA8-2646-314E-2F05D6D98AD6}.Release|Any CPU.Build.0 = Release|Any CPU
	EndGlobalSection
	GlobalSection(SolutionProperties) = preSolution
		HideSolutionNode = FALSE
	EndGlobalSection
	GlobalSection(NestedProjects) = preSolution
		{B3AC3E95-8917-7635-FBF9-61B59BC5D373} = {EC27CD15-B26C-A585-232E-BCFF72FF9EDD}
		{7C20F302-BEA8-2646-314E-2F05D6D98AD6} = {B3AC3E95-8917-7635-FBF9-61B59BC5D373}
	EndGlobalSection
	GlobalSection(ExtensibilityGlobals) = postSolution
		SolutionGuid = {B7CF4782-0A57-4EA3-A62B-5894A32AF28E}
	EndGlobalSection
EndGlobal
